
Microsoft Visual Studio Solution File, Format Version 12.00
# Visual Studio Version 17
VisualStudioVersion = 17.5.2.0
MinimumVisualStudioVersion = 10.0.40219.1
Project("{2150E333-8FDC-42A3-9474-1A3956D46DE8}") = "src", "src", "{827E0CD3-B72D-47B6-A68D-7590B98EB39B}"
EndProject
Project("{FAE04EC0-301F-11D3-BF4B-00C04F79EFBC}") = "Infrastructure", "src\Infrastructure\Infrastructure.csproj", "{30F1129A-0329-4C8E-B584-00C4B41FD76D}"
EndProject
Project("{2150E333-8FDC-42A3-9474-1A3956D46DE8}") = "Web", "Web", "{03997797-E7F5-0643-168D-B8EA7178C2FE}"
EndProject
Project("{FAE04EC0-301F-11D3-BF4B-00C04F79EFBC}") = "CineClub", "src\Web\CineClub.csproj", "{7DE690A3-0D4F-405A-B93A-33194673C34E}"
EndProject
Project("{FAE04EC0-301F-11D3-BF4B-00C04F79EFBC}") = "Core", "src\Core\Core.csproj", "{1B39AE6A-C201-4C1F-B5CA-540064BF8FE7}"
EndProject
Project("{FAE04EC0-301F-11D3-BF4B-00C04F79EFBC}") = "Presentation", "src\Presentation\Presentation.csproj", "{104D9FB6-E7F1-417F-B260-24F50BA3FE49}"
EndProject
Global
	GlobalSection(SolutionConfigurationPlatforms) = preSolution
		Debug|Any CPU = Debug|Any CPU
		Debug|x64 = Debug|x64
		Debug|x86 = Debug|x86
		Release|Any CPU = Release|Any CPU
		Release|x64 = Release|x64
		Release|x86 = Release|x86
	EndGlobalSection
	GlobalSection(ProjectConfigurationPlatforms) = postSolution
		{9444C705-04C8-86D9-4A99-A947A8B77B8D}.Debug|Any CPU.ActiveCfg = Debug|Any CPU
		{9444C705-04C8-86D9-4A99-A947A8B77B8D}.Debug|Any CPU.Build.0 = Debug|Any CPU
		{9444C705-04C8-86D9-4A99-A947A8B77B8D}.Debug|x64.ActiveCfg = Debug|Any CPU
		{9444C705-04C8-86D9-4A99-A947A8B77B8D}.Debug|x64.Build.0 = Debug|Any CPU
		{9444C705-04C8-86D9-4A99-A947A8B77B8D}.Debug|x86.ActiveCfg = Debug|Any CPU
		{9444C705-04C8-86D9-4A99-A947A8B77B8D}.Debug|x86.Build.0 = Debug|Any CPU
		{9444C705-04C8-86D9-4A99-A947A8B77B8D}.Release|Any CPU.ActiveCfg = Release|Any CPU
		{9444C705-04C8-86D9-4A99-A947A8B77B8D}.Release|Any CPU.Build.0 = Release|Any CPU
		{9444C705-04C8-86D9-4A99-A947A8B77B8D}.Release|x64.ActiveCfg = Release|Any CPU
		{9444C705-04C8-86D9-4A99-A947A8B77B8D}.Release|x64.Build.0 = Release|Any CPU
		{9444C705-04C8-86D9-4A99-A947A8B77B8D}.Release|x86.ActiveCfg = Release|Any CPU
		{9444C705-04C8-86D9-4A99-A947A8B77B8D}.Release|x86.Build.0 = Release|Any CPU
		{30F1129A-0329-4C8E-B584-00C4B41FD76D}.Debug|Any CPU.ActiveCfg = Debug|Any CPU
		{30F1129A-0329-4C8E-B584-00C4B41FD76D}.Debug|Any CPU.Build.0 = Debug|Any CPU
		{30F1129A-0329-4C8E-B584-00C4B41FD76D}.Debug|x64.ActiveCfg = Debug|Any CPU
		{30F1129A-0329-4C8E-B584-00C4B41FD76D}.Debug|x64.Build.0 = Debug|Any CPU
		{30F1129A-0329-4C8E-B584-00C4B41FD76D}.Debug|x86.ActiveCfg = Debug|Any CPU
		{30F1129A-0329-4C8E-B584-00C4B41FD76D}.Debug|x86.Build.0 = Debug|Any CPU
		{30F1129A-0329-4C8E-B584-00C4B41FD76D}.Release|Any CPU.ActiveCfg = Release|Any CPU
		{30F1129A-0329-4C8E-B584-00C4B41FD76D}.Release|Any CPU.Build.0 = Release|Any CPU
		{30F1129A-0329-4C8E-B584-00C4B41FD76D}.Release|x64.ActiveCfg = Release|Any CPU
		{30F1129A-0329-4C8E-B584-00C4B41FD76D}.Release|x64.Build.0 = Release|Any CPU
		{30F1129A-0329-4C8E-B584-00C4B41FD76D}.Release|x86.ActiveCfg = Release|Any CPU
		{30F1129A-0329-4C8E-B584-00C4B41FD76D}.Release|x86.Build.0 = Release|Any CPU
		{7DE690A3-0D4F-405A-B93A-33194673C34E}.Debug|Any CPU.ActiveCfg = Debug|Any CPU
		{7DE690A3-0D4F-405A-B93A-33194673C34E}.Debug|Any CPU.Build.0 = Debug|Any CPU
		{7DE690A3-0D4F-405A-B93A-33194673C34E}.Debug|x64.ActiveCfg = Debug|Any CPU
		{7DE690A3-0D4F-405A-B93A-33194673C34E}.Debug|x64.Build.0 = Debug|Any CPU
		{7DE690A3-0D4F-405A-B93A-33194673C34E}.Debug|x86.ActiveCfg = Debug|Any CPU
		{7DE690A3-0D4F-405A-B93A-33194673C34E}.Debug|x86.Build.0 = Debug|Any CPU
		{7DE690A3-0D4F-405A-B93A-33194673C34E}.Release|Any CPU.ActiveCfg = Release|Any CPU
		{7DE690A3-0D4F-405A-B93A-33194673C34E}.Release|Any CPU.Build.0 = Release|Any CPU
		{7DE690A3-0D4F-405A-B93A-33194673C34E}.Release|x64.ActiveCfg = Release|Any CPU
		{7DE690A3-0D4F-405A-B93A-33194673C34E}.Release|x64.Build.0 = Release|Any CPU
		{7DE690A3-0D4F-405A-B93A-33194673C34E}.Release|x86.ActiveCfg = Release|Any CPU
		{7DE690A3-0D4F-405A-B93A-33194673C34E}.Release|x86.Build.0 = Release|Any CPU
		{1B39AE6A-C201-4C1F-B5CA-540064BF8FE7}.Debug|Any CPU.ActiveCfg = Debug|Any CPU
		{1B39AE6A-C201-4C1F-B5CA-540064BF8FE7}.Debug|Any CPU.Build.0 = Debug|Any CPU
		{1B39AE6A-C201-4C1F-B5CA-540064BF8FE7}.Debug|x64.ActiveCfg = Debug|Any CPU
		{1B39AE6A-C201-4C1F-B5CA-540064BF8FE7}.Debug|x64.Build.0 = Debug|Any CPU
		{1B39AE6A-C201-4C1F-B5CA-540064BF8FE7}.Debug|x86.ActiveCfg = Debug|Any CPU
		{1B39AE6A-C201-4C1F-B5CA-540064BF8FE7}.Debug|x86.Build.0 = Debug|Any CPU
		{1B39AE6A-C201-4C1F-B5CA-540064BF8FE7}.Release|Any CPU.ActiveCfg = Release|Any CPU
		{1B39AE6A-C201-4C1F-B5CA-540064BF8FE7}.Release|Any CPU.Build.0 = Release|Any CPU
		{1B39AE6A-C201-4C1F-B5CA-540064BF8FE7}.Release|x64.ActiveCfg = Release|Any CPU
		{1B39AE6A-C201-4C1F-B5CA-540064BF8FE7}.Release|x64.Build.0 = Release|Any CPU
		{1B39AE6A-C201-4C1F-B5CA-540064BF8FE7}.Release|x86.ActiveCfg = Release|Any CPU
		{1B39AE6A-C201-4C1F-B5CA-540064BF8FE7}.Release|x86.Build.0 = Release|Any CPU
		{104D9FB6-E7F1-417F-B260-24F50BA3FE49}.Debug|Any CPU.ActiveCfg = Debug|Any CPU
		{104D9FB6-E7F1-417F-B260-24F50BA3FE49}.Debug|Any CPU.Build.0 = Debug|Any CPU
		{104D9FB6-E7F1-417F-B260-24F50BA3FE49}.Debug|x64.ActiveCfg = Debug|Any CPU
		{104D9FB6-E7F1-417F-B260-24F50BA3FE49}.Debug|x64.Build.0 = Debug|Any CPU
		{104D9FB6-E7F1-417F-B260-24F50BA3FE49}.Debug|x86.ActiveCfg = Debug|Any CPU
		{104D9FB6-E7F1-417F-B260-24F50BA3FE49}.Debug|x86.Build.0 = Debug|Any CPU
		{104D9FB6-E7F1-417F-B260-24F50BA3FE49}.Release|Any CPU.ActiveCfg = Release|Any CPU
		{104D9FB6-E7F1-417F-B260-24F50BA3FE49}.Release|Any CPU.Build.0 = Release|Any CPU
		{104D9FB6-E7F1-417F-B260-24F50BA3FE49}.Release|x64.ActiveCfg = Release|Any CPU
		{104D9FB6-E7F1-417F-B260-24F50BA3FE49}.Release|x64.Build.0 = Release|Any CPU
		{104D9FB6-E7F1-417F-B260-24F50BA3FE49}.Release|x86.ActiveCfg = Release|Any CPU
		{104D9FB6-E7F1-417F-B260-24F50BA3FE49}.Release|x86.Build.0 = Release|Any CPU
	EndGlobalSection
	GlobalSection(SolutionProperties) = preSolution
		HideSolutionNode = FALSE
	EndGlobalSection
	GlobalSection(NestedProjects) = preSolution
		{30F1129A-0329-4C8E-B584-00C4B41FD76D} = {827E0CD3-B72D-47B6-A68D-7590B98EB39B}
		{03997797-E7F5-0643-168D-B8EA7178C2FE} = {827E0CD3-B72D-47B6-A68D-7590B98EB39B}
		{7DE690A3-0D4F-405A-B93A-33194673C34E} = {03997797-E7F5-0643-168D-B8EA7178C2FE}
		{1B39AE6A-C201-4C1F-B5CA-540064BF8FE7} = {827E0CD3-B72D-47B6-A68D-7590B98EB39B}
		{104D9FB6-E7F1-417F-B260-24F50BA3FE49} = {827E0CD3-B72D-47B6-A68D-7590B98EB39B}
	EndGlobalSection
	GlobalSection(ExtensibilityGlobals) = postSolution
		SolutionGuid = {D39EE7C3-DFF2-4FC6-BE38-857B7F9341CC}
	EndGlobalSection
EndGlobal
